// !$*UTF8*$!
{
	archiveVersion = 1;
	classes = {
	};
	objectVersion = 55;
	objects = {

/* Begin PBXBuildFile section */
		4F9B71DB283194F9004C03C3 /* AppDelegate.swift in Sources */ = {isa = PBXBuildFile; fileRef = 4F9B71DA283194F9004C03C3 /* AppDelegate.swift */; };
		4F9B71DD283194F9004C03C3 /* SceneDelegate.swift in Sources */ = {isa = PBXBuildFile; fileRef = 4F9B71DC283194F9004C03C3 /* SceneDelegate.swift */; };
		4F9B71DF283194F9004C03C3 /* ViewController.swift in Sources */ = {isa = PBXBuildFile; fileRef = 4F9B71DE283194F9004C03C3 /* ViewController.swift */; };
		4F9B71E2283194F9004C03C3 /* Main.storyboard in Resources */ = {isa = PBXBuildFile; fileRef = 4F9B71E0283194F9004C03C3 /* Main.storyboard */; };
		4F9B71E4283194FD004C03C3 /* Assets.xcassets in Resources */ = {isa = PBXBuildFile; fileRef = 4F9B71E3283194FD004C03C3 /* Assets.xcassets */; };
		4F9B71E7283194FD004C03C3 /* LaunchScreen.storyboard in Resources */ = {isa = PBXBuildFile; fileRef = 4F9B71E5283194FD004C03C3 /* LaunchScreen.storyboard */; };
		4F9B71F2283194FD004C03C3 /* mountain_passTests.swift in Sources */ = {isa = PBXBuildFile; fileRef = 4F9B71F1283194FD004C03C3 /* mountain_passTests.swift */; };
		4F9B71FC283194FD004C03C3 /* mountain_passUITests.swift in Sources */ = {isa = PBXBuildFile; fileRef = 4F9B71FB283194FD004C03C3 /* mountain_passUITests.swift */; };
		4F9B71FE283194FD004C03C3 /* mountain_passUITestsLaunchTests.swift in Sources */ = {isa = PBXBuildFile; fileRef = 4F9B71FD283194FD004C03C3 /* mountain_passUITestsLaunchTests.swift */; };
/* End PBXBuildFile section */

/* Begin PBXContainerItemProxy section */
		4F9B71EE283194FD004C03C3 /* PBXContainerItemProxy */ = {
			isa = PBXContainerItemProxy;
			containerPortal = 4F9B71CF283194F9004C03C3 /* Project object */;
			proxyType = 1;
			remoteGlobalIDString = 4F9B71D6283194F9004C03C3;
			remoteInfo = "mountain-pass";
		};
		4F9B71F8283194FD004C03C3 /* PBXContainerItemProxy */ = {
			isa = PBXContainerItemProxy;
			containerPortal = 4F9B71CF283194F9004C03C3 /* Project object */;
			proxyType = 1;
			remoteGlobalIDString = 4F9B71D6283194F9004C03C3;
			remoteInfo = "mountain-pass";
		};
/* End PBXContainerItemProxy section */

/* Begin PBXFileReference section */
		4F9B71D7283194F9004C03C3 /* mountain-pass.app */ = {isa = PBXFileReference; explicitFileType = wrapper.application; includeInIndex = 0; path = "mountain-pass.app"; sourceTree = BUILT_PRODUCTS_DIR; };
		4F9B71DA283194F9004C03C3 /* AppDelegate.swift */ = {isa = PBXFileReference; lastKnownFileType = sourcecode.swift; path = AppDelegate.swift; sourceTree = "<group>"; };
		4F9B71DC283194F9004C03C3 /* SceneDelegate.swift */ = {isa = PBXFileReference; lastKnownFileType = sourcecode.swift; path = SceneDelegate.swift; sourceTree = "<group>"; };
		4F9B71DE283194F9004C03C3 /* ViewController.swift */ = {isa = PBXFileReference; lastKnownFileType = sourcecode.swift; path = ViewController.swift; sourceTree = "<group>"; };
		4F9B71E1283194F9004C03C3 /* Base */ = {isa = PBXFileReference; lastKnownFileType = file.storyboard; name = Base; path = Base.lproj/Main.storyboard; sourceTree = "<group>"; };
		4F9B71E3283194FD004C03C3 /* Assets.xcassets */ = {isa = PBXFileReference; lastKnownFileType = folder.assetcatalog; path = Assets.xcassets; sourceTree = "<group>"; };
		4F9B71E6283194FD004C03C3 /* Base */ = {isa = PBXFileReference; lastKnownFileType = file.storyboard; name = Base; path = Base.lproj/LaunchScreen.storyboard; sourceTree = "<group>"; };
		4F9B71E8283194FD004C03C3 /* Info.plist */ = {isa = PBXFileReference; lastKnownFileType = text.plist.xml; path = Info.plist; sourceTree = "<group>"; };
		4F9B71ED283194FD004C03C3 /* mountain-passTests.xctest */ = {isa = PBXFileReference; explicitFileType = wrapper.cfbundle; includeInIndex = 0; path = "mountain-passTests.xctest"; sourceTree = BUILT_PRODUCTS_DIR; };
		4F9B71F1283194FD004C03C3 /* mountain_passTests.swift */ = {isa = PBXFileReference; lastKnownFileType = sourcecode.swift; path = mountain_passTests.swift; sourceTree = "<group>"; };
		4F9B71F7283194FD004C03C3 /* mountain-passUITests.xctest */ = {isa = PBXFileReference; explicitFileType = wrapper.cfbundle; includeInIndex = 0; path = "mountain-passUITests.xctest"; sourceTree = BUILT_PRODUCTS_DIR; };
		4F9B71FB283194FD004C03C3 /* mountain_passUITests.swift */ = {isa = PBXFileReference; lastKnownFileType = sourcecode.swift; path = mountain_passUITests.swift; sourceTree = "<group>"; };
		4F9B71FD283194FD004C03C3 /* mountain_passUITestsLaunchTests.swift */ = {isa = PBXFileReference; lastKnownFileType = sourcecode.swift; path = mountain_passUITestsLaunchTests.swift; sourceTree = "<group>"; };
/* End PBXFileReference section */

/* Begin PBXFrameworksBuildPhase section */
		4F9B71D4283194F9004C03C3 /* Frameworks */ = {
			isa = PBXFrameworksBuildPhase;
			buildActionMask = 2147483647;
			files = (
			);
			runOnlyForDeploymentPostprocessing = 0;
		};
		4F9B71EA283194FD004C03C3 /* Frameworks */ = {
			isa = PBXFrameworksBuildPhase;
			buildActionMask = 2147483647;
			files = (
			);
			runOnlyForDeploymentPostprocessing = 0;
		};
		4F9B71F4283194FD004C03C3 /* Frameworks */ = {
			isa = PBXFrameworksBuildPhase;
			buildActionMask = 2147483647;
			files = (
			);
			runOnlyForDeploymentPostprocessing = 0;
		};
/* End PBXFrameworksBuildPhase section */

/* Begin PBXGroup section */
		4F9B71CE283194F9004C03C3 = {
			isa = PBXGroup;
			children = (
				4F9B71D9283194F9004C03C3 /* mountain-pass */,
				4F9B71F0283194FD004C03C3 /* mountain-passTests */,
				4F9B71FA283194FD004C03C3 /* mountain-passUITests */,
				4F9B71D8283194F9004C03C3 /* Products */,
			);
			sourceTree = "<group>";
		};
		4F9B71D8283194F9004C03C3 /* Products */ = {
			isa = PBXGroup;
			children = (
				4F9B71D7283194F9004C03C3 /* mountain-pass.app */,
				4F9B71ED283194FD004C03C3 /* mountain-passTests.xctest */,
				4F9B71F7283194FD004C03C3 /* mountain-passUITests.xctest */,
			);
			name = Products;
			sourceTree = "<group>";
		};
		4F9B71D9283194F9004C03C3 /* mountain-pass */ = {
			isa = PBXGroup;
			children = (
				4F9B71DA283194F9004C03C3 /* AppDelegate.swift */,
				4F9B71DC283194F9004C03C3 /* SceneDelegate.swift */,
				4F9B71DE283194F9004C03C3 /* ViewController.swift */,
				4F9B71E0283194F9004C03C3 /* Main.storyboard */,
				4F9B71E3283194FD004C03C3 /* Assets.xcassets */,
				4F9B71E5283194FD004C03C3 /* LaunchScreen.storyboard */,
				4F9B71E8283194FD004C03C3 /* Info.plist */,
			);
			path = "mountain-pass";
			sourceTree = "<group>";
		};
		4F9B71F0283194FD004C03C3 /* mountain-passTests */ = {
			isa = PBXGroup;
			children = (
				4F9B71F1283194FD004C03C3 /* mountain_passTests.swift */,
			);
			path = "mountain-passTests";
			sourceTree = "<group>";
		};
		4F9B71FA283194FD004C03C3 /* mountain-passUITests */ = {
			isa = PBXGroup;
			children = (
				4F9B71FB283194FD004C03C3 /* mountain_passUITests.swift */,
				4F9B71FD283194FD004C03C3 /* mountain_passUITestsLaunchTests.swift */,
			);
			path = "mountain-passUITests";
			sourceTree = "<group>";
		};
/* End PBXGroup section */

/* Begin PBXNativeTarget section */
		4F9B71D6283194F9004C03C3 /* mountain-pass */ = {
			isa = PBXNativeTarget;
			buildConfigurationList = 4F9B7201283194FD004C03C3 /* Build configuration list for PBXNativeTarget "mountain-pass" */;
			buildPhases = (
				4F9B71D3283194F9004C03C3 /* Sources */,
				4F9B71D4283194F9004C03C3 /* Frameworks */,
				4F9B71D5283194F9004C03C3 /* Resources */,
			);
			buildRules = (
			);
			dependencies = (
			);
			name = "mountain-pass";
			productName = "mountain-pass";
			productReference = 4F9B71D7283194F9004C03C3 /* mountain-pass.app */;
			productType = "com.apple.product-type.application";
		};
		4F9B71EC283194FD004C03C3 /* mountain-passTests */ = {
			isa = PBXNativeTarget;
			buildConfigurationList = 4F9B7204283194FD004C03C3 /* Build configuration list for PBXNativeTarget "mountain-passTests" */;
			buildPhases = (
				4F9B71E9283194FD004C03C3 /* Sources */,
				4F9B71EA283194FD004C03C3 /* Frameworks */,
				4F9B71EB283194FD004C03C3 /* Resources */,
			);
			buildRules = (
			);
			dependencies = (
				4F9B71EF283194FD004C03C3 /* PBXTargetDependency */,
			);
			name = "mountain-passTests";
			productName = "mountain-passTests";
			productReference = 4F9B71ED283194FD004C03C3 /* mountain-passTests.xctest */;
			productType = "com.apple.product-type.bundle.unit-test";
		};
		4F9B71F6283194FD004C03C3 /* mountain-passUITests */ = {
			isa = PBXNativeTarget;
			buildConfigurationList = 4F9B7207283194FD004C03C3 /* Build configuration list for PBXNativeTarget "mountain-passUITests" */;
			buildPhases = (
				4F9B71F3283194FD004C03C3 /* Sources */,
				4F9B71F4283194FD004C03C3 /* Frameworks */,
				4F9B71F5283194FD004C03C3 /* Resources */,
			);
			buildRules = (
			);
			dependencies = (
				4F9B71F9283194FD004C03C3 /* PBXTargetDependency */,
			);
			name = "mountain-passUITests";
			productName = "mountain-passUITests";
			productReference = 4F9B71F7283194FD004C03C3 /* mountain-passUITests.xctest */;
			productType = "com.apple.product-type.bundle.ui-testing";
		};
/* End PBXNativeTarget section */

/* Begin PBXProject section */
		4F9B71CF283194F9004C03C3 /* Project object */ = {
			isa = PBXProject;
			attributes = {
				BuildIndependentTargetsInParallel = 1;
				LastSwiftUpdateCheck = 1320;
				LastUpgradeCheck = 1320;
				TargetAttributes = {
					4F9B71D6283194F9004C03C3 = {
						CreatedOnToolsVersion = 13.2.1;
					};
					4F9B71EC283194FD004C03C3 = {
						CreatedOnToolsVersion = 13.2.1;
						TestTargetID = 4F9B71D6283194F9004C03C3;
					};
					4F9B71F6283194FD004C03C3 = {
						CreatedOnToolsVersion = 13.2.1;
						TestTargetID = 4F9B71D6283194F9004C03C3;
					};
				};
			};
			buildConfigurationList = 4F9B71D2283194F9004C03C3 /* Build configuration list for PBXProject "mountain-pass" */;
			compatibilityVersion = "Xcode 13.0";
			developmentRegion = en;
			hasScannedForEncodings = 0;
			knownRegions = (
				en,
				Base,
			);
			mainGroup = 4F9B71CE283194F9004C03C3;
			productRefGroup = 4F9B71D8283194F9004C03C3 /* Products */;
			projectDirPath = "";
			projectRoot = "";
			targets = (
				4F9B71D6283194F9004C03C3 /* mountain-pass */,
				4F9B71EC283194FD004C03C3 /* mountain-passTests */,
				4F9B71F6283194FD004C03C3 /* mountain-passUITests */,
			);
		};
/* End PBXProject section */

/* Begin PBXResourcesBuildPhase section */
		4F9B71D5283194F9004C03C3 /* Resources */ = {
			isa = PBXResourcesBuildPhase;
			buildActionMask = 2147483647;
			files = (
				4F9B71E7283194FD004C03C3 /* LaunchScreen.storyboard in Resources */,
				4F9B71E4283194FD004C03C3 /* Assets.xcassets in Resources */,
				4F9B71E2283194F9004C03C3 /* Main.storyboard in Resources */,
			);
			runOnlyForDeploymentPostprocessing = 0;
		};
		4F9B71EB283194FD004C03C3 /* Resources */ = {
			isa = PBXResourcesBuildPhase;
			buildActionMask = 2147483647;
			files = (
			);
			runOnlyForDeploymentPostprocessing = 0;
		};
		4F9B71F5283194FD004C03C3 /* Resources */ = {
			isa = PBXResourcesBuildPhase;
			buildActionMask = 2147483647;
			files = (
			);
			runOnlyForDeploymentPostprocessing = 0;
		};
/* End PBXResourcesBuildPhase section */

/* Begin PBXSourcesBuildPhase section */
		4F9B71D3283194F9004C03C3 /* Sources */ = {
			isa = PBXSourcesBuildPhase;
			buildActionMask = 2147483647;
			files = (
				4F9B71DF283194F9004C03C3 /* ViewController.swift in Sources */,
				4F9B71DB283194F9004C03C3 /* AppDelegate.swift in Sources */,
				4F9B71DD283194F9004C03C3 /* SceneDelegate.swift in Sources */,
			);
			runOnlyForDeploymentPostprocessing = 0;
		};
		4F9B71E9283194FD004C03C3 /* Sources */ = {
			isa = PBXSourcesBuildPhase;
			buildActionMask = 2147483647;
			files = (
				4F9B71F2283194FD004C03C3 /* mountain_passTests.swift in Sources */,
			);
			runOnlyForDeploymentPostprocessing = 0;
		};
		4F9B71F3283194FD004C03C3 /* Sources */ = {
			isa = PBXSourcesBuildPhase;
			buildActionMask = 2147483647;
			files = (
				4F9B71FE283194FD004C03C3 /* mountain_passUITestsLaunchTests.swift in Sources */,
				4F9B71FC283194FD004C03C3 /* mountain_passUITests.swift in Sources */,
			);
			runOnlyForDeploymentPostprocessing = 0;
		};
/* End PBXSourcesBuildPhase section */

/* Begin PBXTargetDependency section */
		4F9B71EF283194FD004C03C3 /* PBXTargetDependency */ = {
			isa = PBXTargetDependency;
			target = 4F9B71D6283194F9004C03C3 /* mountain-pass */;
			targetProxy = 4F9B71EE283194FD004C03C3 /* PBXContainerItemProxy */;
		};
		4F9B71F9283194FD004C03C3 /* PBXTargetDependency */ = {
			isa = PBXTargetDependency;
			target = 4F9B71D6283194F9004C03C3 /* mountain-pass */;
			targetProxy = 4F9B71F8283194FD004C03C3 /* PBXContainerItemProxy */;
		};
/* End PBXTargetDependency section */

/* Begin PBXVariantGroup section */
		4F9B71E0283194F9004C03C3 /* Main.storyboard */ = {
			isa = PBXVariantGroup;
			children = (
				4F9B71E1283194F9004C03C3 /* Base */,
			);
			name = Main.storyboard;
			sourceTree = "<group>";
		};
		4F9B71E5283194FD004C03C3 /* LaunchScreen.storyboard */ = {
			isa = PBXVariantGroup;
			children = (
				4F9B71E6283194FD004C03C3 /* Base */,
			);
			name = LaunchScreen.storyboard;
			sourceTree = "<group>";
		};
/* End PBXVariantGroup section */

/* Begin XCBuildConfiguration section */
		4F9B71FF283194FD004C03C3 /* Debug */ = {
			isa = XCBuildConfiguration;
			buildSettings = {
				ALWAYS_SEARCH_USER_PATHS = NO;
				CLANG_ANALYZER_NONNULL = YES;
				CLANG_ANALYZER_NUMBER_OBJECT_CONVERSION = YES_AGGRESSIVE;
				CLANG_CXX_LANGUAGE_STANDARD = "gnu++17";
				CLANG_CXX_LIBRARY = "libc++";
				CLANG_ENABLE_MODULES = YES;
				CLANG_ENABLE_OBJC_ARC = YES;
				CLANG_ENABLE_OBJC_WEAK = YES;
				CLANG_WARN_BLOCK_CAPTURE_AUTORELEASING = YES;
				CLANG_WARN_BOOL_CONVERSION = YES;
				CLANG_WARN_COMMA = YES;
				CLANG_WARN_CONSTANT_CONVERSION = YES;
				CLANG_WARN_DEPRECATED_OBJC_IMPLEMENTATIONS = YES;
				CLANG_WARN_DIRECT_OBJC_ISA_USAGE = YES_ERROR;
				CLANG_WARN_DOCUMENTATION_COMMENTS = YES;
				CLANG_WARN_EMPTY_BODY = YES;
				CLANG_WARN_ENUM_CONVERSION = YES;
				CLANG_WARN_INFINITE_RECURSION = YES;
				CLANG_WARN_INT_CONVERSION = YES;
				CLANG_WARN_NON_LITERAL_NULL_CONVERSION = YES;
				CLANG_WARN_OBJC_IMPLICIT_RETAIN_SELF = YES;
				CLANG_WARN_OBJC_LITERAL_CONVERSION = YES;
				CLANG_WARN_OBJC_ROOT_CLASS = YES_ERROR;
				CLANG_WARN_QUOTED_INCLUDE_IN_FRAMEWORK_HEADER = YES;
				CLANG_WARN_RANGE_LOOP_ANALYSIS = YES;
				CLANG_WARN_STRICT_PROTOTYPES = YES;
				CLANG_WARN_SUSPICIOUS_MOVE = YES;
				CLANG_WARN_UNGUARDED_AVAILABILITY = YES_AGGRESSIVE;
				CLANG_WARN_UNREACHABLE_CODE = YES;
				CLANG_WARN__DUPLICATE_METHOD_MATCH = YES;
				COPY_PHASE_STRIP = NO;
				DEBUG_INFORMATION_FORMAT = dwarf;
				ENABLE_STRICT_OBJC_MSGSEND = YES;
				ENABLE_TESTABILITY = YES;
				GCC_C_LANGUAGE_STANDARD = gnu11;
				GCC_DYNAMIC_NO_PIC = NO;
				GCC_NO_COMMON_BLOCKS = YES;
				GCC_OPTIMIZATION_LEVEL = 0;
				GCC_PREPROCESSOR_DEFINITIONS = (
					"DEBUG=1",
					"$(inherited)",
				);
				GCC_WARN_64_TO_32_BIT_CONVERSION = YES;
				GCC_WARN_ABOUT_RETURN_TYPE = YES_ERROR;
				GCC_WARN_UNDECLARED_SELECTOR = YES;
				GCC_WARN_UNINITIALIZED_AUTOS = YES_AGGRESSIVE;
				GCC_WARN_UNUSED_FUNCTION = YES;
				GCC_WARN_UNUSED_VARIABLE = YES;
				IPHONEOS_DEPLOYMENT_TARGET = 15.2;
				MTL_ENABLE_DEBUG_INFO = INCLUDE_SOURCE;
				MTL_FAST_MATH = YES;
				ONLY_ACTIVE_ARCH = YES;
				SDKROOT = iphoneos;
				SWIFT_ACTIVE_COMPILATION_CONDITIONS = DEBUG;
				SWIFT_OPTIMIZATION_LEVEL = "-Onone";
			};
			name = Debug;
		};
		4F9B7200283194FD004C03C3 /* Release */ = {
			isa = XCBuildConfiguration;
			buildSettings = {
				ALWAYS_SEARCH_USER_PATHS = NO;
				CLANG_ANALYZER_NONNULL = YES;
				CLANG_ANALYZER_NUMBER_OBJECT_CONVERSION = YES_AGGRESSIVE;
				CLANG_CXX_LANGUAGE_STANDARD = "gnu++17";
				CLANG_CXX_LIBRARY = "libc++";
				CLANG_ENABLE_MODULES = YES;
				CLANG_ENABLE_OBJC_ARC = YES;
				CLANG_ENABLE_OBJC_WEAK = YES;
				CLANG_WARN_BLOCK_CAPTURE_AUTORELEASING = YES;
				CLANG_WARN_BOOL_CONVERSION = YES;
				CLANG_WARN_COMMA = YES;
				CLANG_WARN_CONSTANT_CONVERSION = YES;
				CLANG_WARN_DEPRECATED_OBJC_IMPLEMENTATIONS = YES;
				CLANG_WARN_DIRECT_OBJC_ISA_USAGE = YES_ERROR;
				CLANG_WARN_DOCUMENTATION_COMMENTS = YES;
				CLANG_WARN_EMPTY_BODY = YES;
				CLANG_WARN_ENUM_CONVERSION = YES;
				CLANG_WARN_INFINITE_RECURSION = YES;
				CLANG_WARN_INT_CONVERSION = YES;
				CLANG_WARN_NON_LITERAL_NULL_CONVERSION = YES;
				CLANG_WARN_OBJC_IMPLICIT_RETAIN_SELF = YES;
				CLANG_WARN_OBJC_LITERAL_CONVERSION = YES;
				CLANG_WARN_OBJC_ROOT_CLASS = YES_ERROR;
				CLANG_WARN_QUOTED_INCLUDE_IN_FRAMEWORK_HEADER = YES;
				CLANG_WARN_RANGE_LOOP_ANALYSIS = YES;
				CLANG_WARN_STRICT_PROTOTYPES = YES;
				CLANG_WARN_SUSPICIOUS_MOVE = YES;
				CLANG_WARN_UNGUARDED_AVAILABILITY = YES_AGGRESSIVE;
				CLANG_WARN_UNREACHABLE_CODE = YES;
				CLANG_WARN__DUPLICATE_METHOD_MATCH = YES;
				COPY_PHASE_STRIP = NO;
				DEBUG_INFORMATION_FORMAT = "dwarf-with-dsym";
				ENABLE_NS_ASSERTIONS = NO;
				ENABLE_STRICT_OBJC_MSGSEND = YES;
				GCC_C_LANGUAGE_STANDARD = gnu11;
				GCC_NO_COMMON_BLOCKS = YES;
				GCC_WARN_64_TO_32_BIT_CONVERSION = YES;
				GCC_WARN_ABOUT_RETURN_TYPE = YES_ERROR;
				GCC_WARN_UNDECLARED_SELECTOR = YES;
				GCC_WARN_UNINITIALIZED_AUTOS = YES_AGGRESSIVE;
				GCC_WARN_UNUSED_FUNCTION = YES;
				GCC_WARN_UNUSED_VARIABLE = YES;
				IPHONEOS_DEPLOYMENT_TARGET = 15.2;
				MTL_ENABLE_DEBUG_INFO = NO;
				MTL_FAST_MATH = YES;
				SDKROOT = iphoneos;
				SWIFT_COMPILATION_MODE = wholemodule;
				SWIFT_OPTIMIZATION_LEVEL = "-O";
				VALIDATE_PRODUCT = YES;
			};
			name = Release;
		};
		4F9B7202283194FD004C03C3 /* Debug */ = {
			isa = XCBuildConfiguration;
			buildSettings = {
				ASSETCATALOG_COMPILER_APPICON_NAME = AppIcon;
				ASSETCATALOG_COMPILER_GLOBAL_ACCENT_COLOR_NAME = AccentColor;
				CODE_SIGN_STYLE = Automatic;
				CURRENT_PROJECT_VERSION = 1;
				DEVELOPMENT_TEAM = 74L575RYQ9;
				GENERATE_INFOPLIST_FILE = YES;
				INFOPLIST_FILE = "mountain-pass/Info.plist";
				INFOPLIST_KEY_UIApplicationSupportsIndirectInputEvents = YES;
				INFOPLIST_KEY_UILaunchStoryboardName = LaunchScreen;
				INFOPLIST_KEY_UIMainStoryboardFile = Main;
				INFOPLIST_KEY_UISupportedInterfaceOrientations_iPad = "UIInterfaceOrientationPortrait UIInterfaceOrientationPortraitUpsideDown UIInterfaceOrientationLandscapeLeft UIInterfaceOrientationLandscapeRight";
				INFOPLIST_KEY_UISupportedInterfaceOrientations_iPhone = "UIInterfaceOrientationPortrait UIInterfaceOrientationLandscapeLeft UIInterfaceOrientationLandscapeRight";
				LD_RUNPATH_SEARCH_PATHS = (
					"$(inherited)",
					"@executable_path/Frameworks",
				);
				MARKETING_VERSION = 1.0;
				PRODUCT_BUNDLE_IDENTIFIER = "stubbs221.mountain-pass";
				PRODUCT_NAME = "$(TARGET_NAME)";
				SWIFT_EMIT_LOC_STRINGS = YES;
				SWIFT_VERSION = 5.0;
				TARGETED_DEVICE_FAMILY = "1,2";
			};
			name = Debug;
		};
		4F9B7203283194FD004C03C3 /* Release */ = {
			isa = XCBuildConfiguration;
			buildSettings = {
				ASSETCATALOG_COMPILER_APPICON_NAME = AppIcon;
				ASSETCATALOG_COMPILER_GLOBAL_ACCENT_COLOR_NAME = AccentColor;
				CODE_SIGN_STYLE = Automatic;
				CURRENT_PROJECT_VERSION = 1;
				DEVELOPMENT_TEAM = 74L575RYQ9;
				GENERATE_INFOPLIST_FILE = YES;
				INFOPLIST_FILE = "mountain-pass/Info.plist";
				INFOPLIST_KEY_UIApplicationSupportsIndirectInputEvents = YES;
				INFOPLIST_KEY_UILaunchStoryboardName = LaunchScreen;
				INFOPLIST_KEY_UIMainStoryboardFile = Main;
				INFOPLIST_KEY_UISupportedInterfaceOrientations_iPad = "UIInterfaceOrientationPortrait UIInterfaceOrientationPortraitUpsideDown UIInterfaceOrientationLandscapeLeft UIInterfaceOrientationLandscapeRight";
				INFOPLIST_KEY_UISupportedInterfaceOrientations_iPhone = "UIInterfaceOrientationPortrait UIInterfaceOrientationLandscapeLeft UIInterfaceOrientationLandscapeRight";
				LD_RUNPATH_SEARCH_PATHS = (
					"$(inherited)",
					"@executable_path/Frameworks",
				);
				MARKETING_VERSION = 1.0;
				PRODUCT_BUNDLE_IDENTIFIER = "stubbs221.mountain-pass";
				PRODUCT_NAME = "$(TARGET_NAME)";
				SWIFT_EMIT_LOC_STRINGS = YES;
				SWIFT_VERSION = 5.0;
				TARGETED_DEVICE_FAMILY = "1,2";
			};
			name = Release;
		};
		4F9B7205283194FD004C03C3 /* Debug */ = {
			isa = XCBuildConfiguration;
			buildSettings = {
				ALWAYS_EMBED_SWIFT_STANDARD_LIBRARIES = YES;
				BUNDLE_LOADER = "$(TEST_HOST)";
				CODE_SIGN_STYLE = Automatic;
				CURRENT_PROJECT_VERSION = 1;
				DEVELOPMENT_TEAM = 74L575RYQ9;
				GENERATE_INFOPLIST_FILE = YES;
				IPHONEOS_DEPLOYMENT_TARGET = 15.2;
				MARKETING_VERSION = 1.0;
				PRODUCT_BUNDLE_IDENTIFIER = "stubbs221.mountain-passTests";
				PRODUCT_NAME = "$(TARGET_NAME)";
				SWIFT_EMIT_LOC_STRINGS = NO;
				SWIFT_VERSION = 5.0;
				TARGETED_DEVICE_FAMILY = "1,2";
				TEST_HOST = "$(BUILT_PRODUCTS_DIR)/mountain-pass.app/mountain-pass";
			};
			name = Debug;
		};
		4F9B7206283194FD004C03C3 /* Release */ = {
			isa = XCBuildConfiguration;
			buildSettings = {
				ALWAYS_EMBED_SWIFT_STANDARD_LIBRARIES = YES;
				BUNDLE_LOADER = "$(TEST_HOST)";
				CODE_SIGN_STYLE = Automatic;
				CURRENT_PROJECT_VERSION = 1;
				DEVELOPMENT_TEAM = 74L575RYQ9;
				GENERATE_INFOPLIST_FILE = YES;
				IPHONEOS_DEPLOYMENT_TARGET = 15.2;
				MARKETING_VERSION = 1.0;
				PRODUCT_BUNDLE_IDENTIFIER = "stubbs221.mountain-passTests";
				PRODUCT_NAME = "$(TARGET_NAME)";
				SWIFT_EMIT_LOC_STRINGS = NO;
				SWIFT_VERSION = 5.0;
				TARGETED_DEVICE_FAMILY = "1,2";
				TEST_HOST = "$(BUILT_PRODUCTS_DIR)/mountain-pass.app/mountain-pass";
			};
			name = Release;
		};
		4F9B7208283194FD004C03C3 /* Debug */ = {
			isa = XCBuildConfiguration;
			buildSettings = {
				ALWAYS_EMBED_SWIFT_STANDARD_LIBRARIES = YES;
				CODE_SIGN_STYLE = Automatic;
				CURRENT_PROJECT_VERSION = 1;
				DEVELOPMENT_TEAM = 74L575RYQ9;
				GENERATE_INFOPLIST_FILE = YES;
				MARKETING_VERSION = 1.0;
				PRODUCT_BUNDLE_IDENTIFIER = "stubbs221.mountain-passUITests";
				PRODUCT_NAME = "$(TARGET_NAME)";
				SWIFT_EMIT_LOC_STRINGS = NO;
				SWIFT_VERSION = 5.0;
				TARGETED_DEVICE_FAMILY = "1,2";
				TEST_TARGET_NAME = "mountain-pass";
			};
			name = Debug;
		};
		4F9B7209283194FD004C03C3 /* Release */ = {
			isa = XCBuildConfiguration;
			buildSettings = {
				ALWAYS_EMBED_SWIFT_STANDARD_LIBRARIES = YES;
				CODE_SIGN_STYLE = Automatic;
				CURRENT_PROJECT_VERSION = 1;
				DEVELOPMENT_TEAM = 74L575RYQ9;
				GENERATE_INFOPLIST_FILE = YES;
				MARKETING_VERSION = 1.0;
				PRODUCT_BUNDLE_IDENTIFIER = "stubbs221.mountain-passUITests";
				PRODUCT_NAME = "$(TARGET_NAME)";
				SWIFT_EMIT_LOC_STRINGS = NO;
				SWIFT_VERSION = 5.0;
				TARGETED_DEVICE_FAMILY = "1,2";
				TEST_TARGET_NAME = "mountain-pass";
			};
			name = Release;
		};
/* End XCBuildConfiguration section */

/* Begin XCConfigurationList section */
		4F9B71D2283194F9004C03C3 /* Build configuration list for PBXProject "mountain-pass" */ = {
			isa = XCConfigurationList;
			buildConfigurations = (
				4F9B71FF283194FD004C03C3 /* Debug */,
				4F9B7200283194FD004C03C3 /* Release */,
			);
			defaultConfigurationIsVisible = 0;
			defaultConfigurationName = Release;
		};
		4F9B7201283194FD004C03C3 /* Build configuration list for PBXNativeTarget "mountain-pass" */ = {
			isa = XCConfigurationList;
			buildConfigurations = (
				4F9B7202283194FD004C03C3 /* Debug */,
				4F9B7203283194FD004C03C3 /* Release */,
			);
			defaultConfigurationIsVisible = 0;
			defaultConfigurationName = Release;
		};
		4F9B7204283194FD004C03C3 /* Build configuration list for PBXNativeTarget "mountain-passTests" */ = {
			isa = XCConfigurationList;
			buildConfigurations = (
				4F9B7205283194FD004C03C3 /* Debug */,
				4F9B7206283194FD004C03C3 /* Release */,
			);
			defaultConfigurationIsVisible = 0;
			defaultConfigurationName = Release;
		};
		4F9B7207283194FD004C03C3 /* Build configuration list for PBXNativeTarget "mountain-passUITests" */ = {
			isa = XCConfigurationList;
			buildConfigurations = (
				4F9B7208283194FD004C03C3 /* Debug */,
				4F9B7209283194FD004C03C3 /* Release */,
			);
			defaultConfigurationIsVisible = 0;
			defaultConfigurationName = Release;
		};
/* End XCConfigurationList section */
	};
	rootObject = 4F9B71CF283194F9004C03C3 /* Project object */;
}
