// !$*UTF8*$!
{
	archiveVersion = 1;
	classes = {
	};
	objectVersion = 55;
	objects = {

/* Begin PBXBuildFile section */
		1700DD8623341F188781B8AB /* Pods_mountain_pass_mountain_passUITests.framework in Frameworks */ = {isa = PBXBuildFile; fileRef = 5A567DBF658C7BFFC58E9D2B /* Pods_mountain_pass_mountain_passUITests.framework */; };
		47BEB87ACF932795610243C1 /* Pods_mountain_pass.framework in Frameworks */ = {isa = PBXBuildFile; fileRef = 2FBAF7C22473D9FFCD5C647B /* Pods_mountain_pass.framework */; };
		4F42DFDD2837851E00C482B9 /* ProfileScreenBuilder.swift in Sources */ = {isa = PBXBuildFile; fileRef = 4F42DFDC2837851E00C482B9 /* ProfileScreenBuilder.swift */; };
		4F42DFDF2838131D00C482B9 /* RegisterScreenBuilder.swift in Sources */ = {isa = PBXBuildFile; fileRef = 4F42DFDE2838131D00C482B9 /* RegisterScreenBuilder.swift */; };
		4F42DFE1283817CB00C482B9 /* ProfileTabBarController.swift in Sources */ = {isa = PBXBuildFile; fileRef = 4F42DFE0283817CB00C482B9 /* ProfileTabBarController.swift */; };
		4F42DFE82838DC6500C482B9 /* AddPassView.swift in Sources */ = {isa = PBXBuildFile; fileRef = 4F42DFE72838DC6500C482B9 /* AddPassView.swift */; };
		4F42DFEA2838DC8F00C482B9 /* AddPassPresenter.swift in Sources */ = {isa = PBXBuildFile; fileRef = 4F42DFE92838DC8F00C482B9 /* AddPassPresenter.swift */; };
		4F42DFEC2838DCA700C482B9 /* MountainPass.swift in Sources */ = {isa = PBXBuildFile; fileRef = 4F42DFEB2838DCA700C482B9 /* MountainPass.swift */; };
		4F42DFEE2838DD5900C482B9 /* AddPassScreenBuilder.swift in Sources */ = {isa = PBXBuildFile; fileRef = 4F42DFED2838DD5900C482B9 /* AddPassScreenBuilder.swift */; };
		4F42DFF2283BD5B300C482B9 /* AddPassNavigationController.swift in Sources */ = {isa = PBXBuildFile; fileRef = 4F42DFF1283BD5B300C482B9 /* AddPassNavigationController.swift */; };
		4F9B71DB283194F9004C03C3 /* AppDelegate.swift in Sources */ = {isa = PBXBuildFile; fileRef = 4F9B71DA283194F9004C03C3 /* AppDelegate.swift */; };
		4F9B71DD283194F9004C03C3 /* SceneDelegate.swift in Sources */ = {isa = PBXBuildFile; fileRef = 4F9B71DC283194F9004C03C3 /* SceneDelegate.swift */; };
		4F9B71DF283194F9004C03C3 /* ViewController.swift in Sources */ = {isa = PBXBuildFile; fileRef = 4F9B71DE283194F9004C03C3 /* ViewController.swift */; };
		4F9B71E4283194FD004C03C3 /* Assets.xcassets in Resources */ = {isa = PBXBuildFile; fileRef = 4F9B71E3283194FD004C03C3 /* Assets.xcassets */; };
		4F9B71E7283194FD004C03C3 /* LaunchScreen.storyboard in Resources */ = {isa = PBXBuildFile; fileRef = 4F9B71E5283194FD004C03C3 /* LaunchScreen.storyboard */; };
		4F9B71F2283194FD004C03C3 /* mountain_passTests.swift in Sources */ = {isa = PBXBuildFile; fileRef = 4F9B71F1283194FD004C03C3 /* mountain_passTests.swift */; };
		4F9B71FC283194FD004C03C3 /* mountain_passUITests.swift in Sources */ = {isa = PBXBuildFile; fileRef = 4F9B71FB283194FD004C03C3 /* mountain_passUITests.swift */; };
		4F9B71FE283194FD004C03C3 /* mountain_passUITestsLaunchTests.swift in Sources */ = {isa = PBXBuildFile; fileRef = 4F9B71FD283194FD004C03C3 /* mountain_passUITestsLaunchTests.swift */; };
		4F9B720C283233DD004C03C3 /* LaunchScreenBuilder.swift in Sources */ = {isa = PBXBuildFile; fileRef = 4F9B720B283233DD004C03C3 /* LaunchScreenBuilder.swift */; };
		4F9B7215283234FB004C03C3 /* User.swift in Sources */ = {isa = PBXBuildFile; fileRef = 4F9B7214283234FB004C03C3 /* User.swift */; };
		4F9B7217283238E6004C03C3 /* RegisterUserPresenter.swift in Sources */ = {isa = PBXBuildFile; fileRef = 4F9B7216283238E6004C03C3 /* RegisterUserPresenter.swift */; };
		4F9B7219283239D7004C03C3 /* RegisterUserView.swift in Sources */ = {isa = PBXBuildFile; fileRef = 4F9B7218283239D7004C03C3 /* RegisterUserView.swift */; };
		4F9B721B28323A1A004C03C3 /* LoginView.swift in Sources */ = {isa = PBXBuildFile; fileRef = 4F9B721A28323A1A004C03C3 /* LoginView.swift */; };
		4F9B722028323CA0004C03C3 /* LoginPresenter.swift in Sources */ = {isa = PBXBuildFile; fileRef = 4F9B721F28323CA0004C03C3 /* LoginPresenter.swift */; };
		4F9B722628325D69004C03C3 /* ProfilePresenter.swift in Sources */ = {isa = PBXBuildFile; fileRef = 4F9B722528325D69004C03C3 /* ProfilePresenter.swift */; };
		4F9B722828325E1B004C03C3 /* ProfileView.swift in Sources */ = {isa = PBXBuildFile; fileRef = 4F9B722728325E1B004C03C3 /* ProfileView.swift */; };
		4F9B723C2833847A004C03C3 /* RegisterTabBarController.swift in Sources */ = {isa = PBXBuildFile; fileRef = 4F9B723B2833847A004C03C3 /* RegisterTabBarController.swift */; };
		4F9B723E2835381C004C03C3 /* PT Sans.ttf in Resources */ = {isa = PBXBuildFile; fileRef = 4F9B723D2835381C004C03C3 /* PT Sans.ttf */; };
		4F9B72402835386A004C03C3 /* DINPro.ttf in Resources */ = {isa = PBXBuildFile; fileRef = 4F9B723F2835386A004C03C3 /* DINPro.ttf */; };
		4F9B724228355131004C03C3 /* Montserrat-Light.ttf in Resources */ = {isa = PBXBuildFile; fileRef = 4F9B724128355131004C03C3 /* Montserrat-Light.ttf */; };
		5F77171FAD08963A5667D4FE /* Pods_mountain_passTests.framework in Frameworks */ = {isa = PBXBuildFile; fileRef = ED82CC97F40B1AB3A68DCD49 /* Pods_mountain_passTests.framework */; };
/* End PBXBuildFile section */

/* Begin PBXContainerItemProxy section */
		4F9B71EE283194FD004C03C3 /* PBXContainerItemProxy */ = {
			isa = PBXContainerItemProxy;
			containerPortal = 4F9B71CF283194F9004C03C3 /* Project object */;
			proxyType = 1;
			remoteGlobalIDString = 4F9B71D6283194F9004C03C3;
			remoteInfo = "mountain-pass";
		};
		4F9B71F8283194FD004C03C3 /* PBXContainerItemProxy */ = {
			isa = PBXContainerItemProxy;
			containerPortal = 4F9B71CF283194F9004C03C3 /* Project object */;
			proxyType = 1;
			remoteGlobalIDString = 4F9B71D6283194F9004C03C3;
			remoteInfo = "mountain-pass";
		};
/* End PBXContainerItemProxy section */

/* Begin PBXFileReference section */
		2FBAF7C22473D9FFCD5C647B /* Pods_mountain_pass.framework */ = {isa = PBXFileReference; explicitFileType = wrapper.framework; includeInIndex = 0; path = Pods_mountain_pass.framework; sourceTree = BUILT_PRODUCTS_DIR; };
		337DFBEA9D0C2A14B70D5AE8 /* Pods-mountain-pass.debug.xcconfig */ = {isa = PBXFileReference; includeInIndex = 1; lastKnownFileType = text.xcconfig; name = "Pods-mountain-pass.debug.xcconfig"; path = "Target Support Files/Pods-mountain-pass/Pods-mountain-pass.debug.xcconfig"; sourceTree = "<group>"; };
		3457D51A72EDDA9C1732CC70 /* Pods-mountain-passTests.debug.xcconfig */ = {isa = PBXFileReference; includeInIndex = 1; lastKnownFileType = text.xcconfig; name = "Pods-mountain-passTests.debug.xcconfig"; path = "Target Support Files/Pods-mountain-passTests/Pods-mountain-passTests.debug.xcconfig"; sourceTree = "<group>"; };
		4370E6A52D39A1A56F7B95BE /* Pods-mountain-pass.release.xcconfig */ = {isa = PBXFileReference; includeInIndex = 1; lastKnownFileType = text.xcconfig; name = "Pods-mountain-pass.release.xcconfig"; path = "Target Support Files/Pods-mountain-pass/Pods-mountain-pass.release.xcconfig"; sourceTree = "<group>"; };
		4F42DFDC2837851E00C482B9 /* ProfileScreenBuilder.swift */ = {isa = PBXFileReference; lastKnownFileType = sourcecode.swift; path = ProfileScreenBuilder.swift; sourceTree = "<group>"; };
		4F42DFDE2838131D00C482B9 /* RegisterScreenBuilder.swift */ = {isa = PBXFileReference; lastKnownFileType = sourcecode.swift; path = RegisterScreenBuilder.swift; sourceTree = "<group>"; };
		4F42DFE0283817CB00C482B9 /* ProfileTabBarController.swift */ = {isa = PBXFileReference; lastKnownFileType = sourcecode.swift; path = ProfileTabBarController.swift; sourceTree = "<group>"; };
		4F42DFE72838DC6500C482B9 /* AddPassView.swift */ = {isa = PBXFileReference; lastKnownFileType = sourcecode.swift; path = AddPassView.swift; sourceTree = "<group>"; };
		4F42DFE92838DC8F00C482B9 /* AddPassPresenter.swift */ = {isa = PBXFileReference; lastKnownFileType = sourcecode.swift; path = AddPassPresenter.swift; sourceTree = "<group>"; };
		4F42DFEB2838DCA700C482B9 /* MountainPass.swift */ = {isa = PBXFileReference; lastKnownFileType = sourcecode.swift; path = MountainPass.swift; sourceTree = "<group>"; };
		4F42DFED2838DD5900C482B9 /* AddPassScreenBuilder.swift */ = {isa = PBXFileReference; lastKnownFileType = sourcecode.swift; path = AddPassScreenBuilder.swift; sourceTree = "<group>"; };
		4F42DFF1283BD5B300C482B9 /* AddPassNavigationController.swift */ = {isa = PBXFileReference; lastKnownFileType = sourcecode.swift; path = AddPassNavigationController.swift; sourceTree = "<group>"; };
		4F9B71D7283194F9004C03C3 /* mountain-pass.app */ = {isa = PBXFileReference; explicitFileType = wrapper.application; includeInIndex = 0; path = "mountain-pass.app"; sourceTree = BUILT_PRODUCTS_DIR; };
		4F9B71DA283194F9004C03C3 /* AppDelegate.swift */ = {isa = PBXFileReference; lastKnownFileType = sourcecode.swift; path = AppDelegate.swift; sourceTree = "<group>"; };
		4F9B71DC283194F9004C03C3 /* SceneDelegate.swift */ = {isa = PBXFileReference; lastKnownFileType = sourcecode.swift; path = SceneDelegate.swift; sourceTree = "<group>"; };
		4F9B71DE283194F9004C03C3 /* ViewController.swift */ = {isa = PBXFileReference; lastKnownFileType = sourcecode.swift; path = ViewController.swift; sourceTree = "<group>"; };
		4F9B71E3283194FD004C03C3 /* Assets.xcassets */ = {isa = PBXFileReference; lastKnownFileType = folder.assetcatalog; path = Assets.xcassets; sourceTree = "<group>"; };
		4F9B71E6283194FD004C03C3 /* Base */ = {isa = PBXFileReference; lastKnownFileType = file.storyboard; name = Base; path = Base.lproj/LaunchScreen.storyboard; sourceTree = "<group>"; };
		4F9B71E8283194FD004C03C3 /* Info.plist */ = {isa = PBXFileReference; lastKnownFileType = text.plist.xml; path = Info.plist; sourceTree = "<group>"; };
		4F9B71ED283194FD004C03C3 /* mountain-passTests.xctest */ = {isa = PBXFileReference; explicitFileType = wrapper.cfbundle; includeInIndex = 0; path = "mountain-passTests.xctest"; sourceTree = BUILT_PRODUCTS_DIR; };
		4F9B71F1283194FD004C03C3 /* mountain_passTests.swift */ = {isa = PBXFileReference; lastKnownFileType = sourcecode.swift; path = mountain_passTests.swift; sourceTree = "<group>"; };
		4F9B71F7283194FD004C03C3 /* mountain-passUITests.xctest */ = {isa = PBXFileReference; explicitFileType = wrapper.cfbundle; includeInIndex = 0; path = "mountain-passUITests.xctest"; sourceTree = BUILT_PRODUCTS_DIR; };
		4F9B71FB283194FD004C03C3 /* mountain_passUITests.swift */ = {isa = PBXFileReference; lastKnownFileType = sourcecode.swift; path = mountain_passUITests.swift; sourceTree = "<group>"; };
		4F9B71FD283194FD004C03C3 /* mountain_passUITestsLaunchTests.swift */ = {isa = PBXFileReference; lastKnownFileType = sourcecode.swift; path = mountain_passUITestsLaunchTests.swift; sourceTree = "<group>"; };
		4F9B720B283233DD004C03C3 /* LaunchScreenBuilder.swift */ = {isa = PBXFileReference; lastKnownFileType = sourcecode.swift; path = LaunchScreenBuilder.swift; sourceTree = "<group>"; };
		4F9B7214283234FB004C03C3 /* User.swift */ = {isa = PBXFileReference; lastKnownFileType = sourcecode.swift; path = User.swift; sourceTree = "<group>"; };
		4F9B7216283238E6004C03C3 /* RegisterUserPresenter.swift */ = {isa = PBXFileReference; lastKnownFileType = sourcecode.swift; path = RegisterUserPresenter.swift; sourceTree = "<group>"; };
		4F9B7218283239D7004C03C3 /* RegisterUserView.swift */ = {isa = PBXFileReference; lastKnownFileType = sourcecode.swift; path = RegisterUserView.swift; sourceTree = "<group>"; };
		4F9B721A28323A1A004C03C3 /* LoginView.swift */ = {isa = PBXFileReference; lastKnownFileType = sourcecode.swift; path = LoginView.swift; sourceTree = "<group>"; };
		4F9B721F28323CA0004C03C3 /* LoginPresenter.swift */ = {isa = PBXFileReference; lastKnownFileType = sourcecode.swift; path = LoginPresenter.swift; sourceTree = "<group>"; };
		4F9B722528325D69004C03C3 /* ProfilePresenter.swift */ = {isa = PBXFileReference; lastKnownFileType = sourcecode.swift; path = ProfilePresenter.swift; sourceTree = "<group>"; };
		4F9B722728325E1B004C03C3 /* ProfileView.swift */ = {isa = PBXFileReference; lastKnownFileType = sourcecode.swift; path = ProfileView.swift; sourceTree = "<group>"; };
		4F9B723B2833847A004C03C3 /* RegisterTabBarController.swift */ = {isa = PBXFileReference; lastKnownFileType = sourcecode.swift; path = RegisterTabBarController.swift; sourceTree = "<group>"; };
		4F9B723D2835381C004C03C3 /* PT Sans.ttf */ = {isa = PBXFileReference; lastKnownFileType = file; path = "PT Sans.ttf"; sourceTree = "<group>"; };
		4F9B723F2835386A004C03C3 /* DINPro.ttf */ = {isa = PBXFileReference; lastKnownFileType = file; path = DINPro.ttf; sourceTree = "<group>"; };
		4F9B724128355131004C03C3 /* Montserrat-Light.ttf */ = {isa = PBXFileReference; lastKnownFileType = file; path = "Montserrat-Light.ttf"; sourceTree = "<group>"; };
		5A567DBF658C7BFFC58E9D2B /* Pods_mountain_pass_mountain_passUITests.framework */ = {isa = PBXFileReference; explicitFileType = wrapper.framework; includeInIndex = 0; path = Pods_mountain_pass_mountain_passUITests.framework; sourceTree = BUILT_PRODUCTS_DIR; };
		68D1C2FAD2395F67E52D0552 /* Pods-mountain-pass-mountain-passUITests.release.xcconfig */ = {isa = PBXFileReference; includeInIndex = 1; lastKnownFileType = text.xcconfig; name = "Pods-mountain-pass-mountain-passUITests.release.xcconfig"; path = "Target Support Files/Pods-mountain-pass-mountain-passUITests/Pods-mountain-pass-mountain-passUITests.release.xcconfig"; sourceTree = "<group>"; };
		B3F85F020D8C6B32C3CB0401 /* Pods-mountain-passTests.release.xcconfig */ = {isa = PBXFileReference; includeInIndex = 1; lastKnownFileType = text.xcconfig; name = "Pods-mountain-passTests.release.xcconfig"; path = "Target Support Files/Pods-mountain-passTests/Pods-mountain-passTests.release.xcconfig"; sourceTree = "<group>"; };
		C6246BE660306BC3F3B9FA0A /* Pods-mountain-pass-mountain-passUITests.debug.xcconfig */ = {isa = PBXFileReference; includeInIndex = 1; lastKnownFileType = text.xcconfig; name = "Pods-mountain-pass-mountain-passUITests.debug.xcconfig"; path = "Target Support Files/Pods-mountain-pass-mountain-passUITests/Pods-mountain-pass-mountain-passUITests.debug.xcconfig"; sourceTree = "<group>"; };
		ED82CC97F40B1AB3A68DCD49 /* Pods_mountain_passTests.framework */ = {isa = PBXFileReference; explicitFileType = wrapper.framework; includeInIndex = 0; path = Pods_mountain_passTests.framework; sourceTree = BUILT_PRODUCTS_DIR; };
/* End PBXFileReference section */

/* Begin PBXFrameworksBuildPhase section */
		4F9B71D4283194F9004C03C3 /* Frameworks */ = {
			isa = PBXFrameworksBuildPhase;
			buildActionMask = 2147483647;
			files = (
				47BEB87ACF932795610243C1 /* Pods_mountain_pass.framework in Frameworks */,
			);
			runOnlyForDeploymentPostprocessing = 0;
		};
		4F9B71EA283194FD004C03C3 /* Frameworks */ = {
			isa = PBXFrameworksBuildPhase;
			buildActionMask = 2147483647;
			files = (
				5F77171FAD08963A5667D4FE /* Pods_mountain_passTests.framework in Frameworks */,
			);
			runOnlyForDeploymentPostprocessing = 0;
		};
		4F9B71F4283194FD004C03C3 /* Frameworks */ = {
			isa = PBXFrameworksBuildPhase;
			buildActionMask = 2147483647;
			files = (
				1700DD8623341F188781B8AB /* Pods_mountain_pass_mountain_passUITests.framework in Frameworks */,
			);
			runOnlyForDeploymentPostprocessing = 0;
		};
/* End PBXFrameworksBuildPhase section */

/* Begin PBXGroup section */
		4F42DFE22838DB9200C482B9 /* DependenciesBuilder */ = {
			isa = PBXGroup;
			children = (
				4F9B720B283233DD004C03C3 /* LaunchScreenBuilder.swift */,
				4F42DFDE2838131D00C482B9 /* RegisterScreenBuilder.swift */,
				4F42DFDC2837851E00C482B9 /* ProfileScreenBuilder.swift */,
				4F42DFED2838DD5900C482B9 /* AddPassScreenBuilder.swift */,
			);
			path = DependenciesBuilder;
			sourceTree = "<group>";
		};
		4F42DFE32838DBCE00C482B9 /* AddPassModule */ = {
			isa = PBXGroup;
			children = (
				4F42DFE42838DBD900C482B9 /* Model */,
				4F42DFE52838DBE700C482B9 /* View */,
				4F42DFE62838DBEE00C482B9 /* Presenter */,
			);
			path = AddPassModule;
			sourceTree = "<group>";
		};
		4F42DFE42838DBD900C482B9 /* Model */ = {
			isa = PBXGroup;
			children = (
				4F42DFEB2838DCA700C482B9 /* MountainPass.swift */,
			);
			path = Model;
			sourceTree = "<group>";
		};
		4F42DFE52838DBE700C482B9 /* View */ = {
			isa = PBXGroup;
			children = (
				4F42DFE72838DC6500C482B9 /* AddPassView.swift */,
				4F42DFF1283BD5B300C482B9 /* AddPassNavigationController.swift */,
			);
			path = View;
			sourceTree = "<group>";
		};
		4F42DFE62838DBEE00C482B9 /* Presenter */ = {
			isa = PBXGroup;
			children = (
				4F42DFE92838DC8F00C482B9 /* AddPassPresenter.swift */,
			);
			path = Presenter;
			sourceTree = "<group>";
		};
		4F9B71CE283194F9004C03C3 = {
			isa = PBXGroup;
			children = (
				4F9B71D9283194F9004C03C3 /* mountain-pass */,
				4F9B71F0283194FD004C03C3 /* mountain-passTests */,
				4F9B71FA283194FD004C03C3 /* mountain-passUITests */,
				4F9B71D8283194F9004C03C3 /* Products */,
				DD6DFA0820CEC2A8283F4374 /* Pods */,
				963D594CEEDE99573A056ACC /* Frameworks */,
			);
			sourceTree = "<group>";
		};
		4F9B71D8283194F9004C03C3 /* Products */ = {
			isa = PBXGroup;
			children = (
				4F9B71D7283194F9004C03C3 /* mountain-pass.app */,
				4F9B71ED283194FD004C03C3 /* mountain-passTests.xctest */,
				4F9B71F7283194FD004C03C3 /* mountain-passUITests.xctest */,
			);
			name = Products;
			sourceTree = "<group>";
		};
		4F9B71D9283194F9004C03C3 /* mountain-pass */ = {
			isa = PBXGroup;
			children = (
				4F42DFE32838DBCE00C482B9 /* AddPassModule */,
				4F42DFE22838DB9200C482B9 /* DependenciesBuilder */,
				4F9B722B2832C622004C03C3 /* Assets */,
				4F9B722128325CED004C03C3 /* ProfileModule */,
				4F9B721C28323C0F004C03C3 /* LoginModule */,
				4F9B720D2832347C004C03C3 /* RegisterModule */,
				4F9B71DA283194F9004C03C3 /* AppDelegate.swift */,
				4F9B71DC283194F9004C03C3 /* SceneDelegate.swift */,
				4F9B71DE283194F9004C03C3 /* ViewController.swift */,
				4F9B71E3283194FD004C03C3 /* Assets.xcassets */,
				4F9B71E5283194FD004C03C3 /* LaunchScreen.storyboard */,
				4F9B71E8283194FD004C03C3 /* Info.plist */,
			);
			path = "mountain-pass";
			sourceTree = "<group>";
		};
		4F9B71F0283194FD004C03C3 /* mountain-passTests */ = {
			isa = PBXGroup;
			children = (
				4F9B71F1283194FD004C03C3 /* mountain_passTests.swift */,
			);
			path = "mountain-passTests";
			sourceTree = "<group>";
		};
		4F9B71FA283194FD004C03C3 /* mountain-passUITests */ = {
			isa = PBXGroup;
			children = (
				4F9B71FB283194FD004C03C3 /* mountain_passUITests.swift */,
				4F9B71FD283194FD004C03C3 /* mountain_passUITestsLaunchTests.swift */,
			);
			path = "mountain-passUITests";
			sourceTree = "<group>";
		};
		4F9B720D2832347C004C03C3 /* RegisterModule */ = {
			isa = PBXGroup;
			children = (
				4F9B7211283234CB004C03C3 /* Model */,
				4F9B7213283234DC004C03C3 /* View */,
				4F9B7212283234D2004C03C3 /* Presenter */,
			);
			path = RegisterModule;
			sourceTree = "<group>";
		};
		4F9B7211283234CB004C03C3 /* Model */ = {
			isa = PBXGroup;
			children = (
				4F9B7214283234FB004C03C3 /* User.swift */,
			);
			path = Model;
			sourceTree = "<group>";
		};
		4F9B7212283234D2004C03C3 /* Presenter */ = {
			isa = PBXGroup;
			children = (
				4F9B7216283238E6004C03C3 /* RegisterUserPresenter.swift */,
			);
			path = Presenter;
			sourceTree = "<group>";
		};
		4F9B7213283234DC004C03C3 /* View */ = {
			isa = PBXGroup;
			children = (
				4F9B723B2833847A004C03C3 /* RegisterTabBarController.swift */,
				4F9B7218283239D7004C03C3 /* RegisterUserView.swift */,
			);
			path = View;
			sourceTree = "<group>";
		};
		4F9B721C28323C0F004C03C3 /* LoginModule */ = {
			isa = PBXGroup;
			children = (
				4F9B721E28323C2D004C03C3 /* View */,
				4F9B721D28323C20004C03C3 /* Presenter */,
			);
			path = LoginModule;
			sourceTree = "<group>";
		};
		4F9B721D28323C20004C03C3 /* Presenter */ = {
			isa = PBXGroup;
			children = (
				4F9B721F28323CA0004C03C3 /* LoginPresenter.swift */,
			);
			path = Presenter;
			sourceTree = "<group>";
		};
		4F9B721E28323C2D004C03C3 /* View */ = {
			isa = PBXGroup;
			children = (
				4F9B721A28323A1A004C03C3 /* LoginView.swift */,
			);
			path = View;
			sourceTree = "<group>";
		};
		4F9B722128325CED004C03C3 /* ProfileModule */ = {
			isa = PBXGroup;
			children = (
				4F9B722228325D01004C03C3 /* Model */,
				4F9B722328325D0F004C03C3 /* View */,
				4F9B722428325D15004C03C3 /* Presenter */,
			);
			path = ProfileModule;
			sourceTree = "<group>";
		};
		4F9B722228325D01004C03C3 /* Model */ = {
			isa = PBXGroup;
			children = (
			);
			path = Model;
			sourceTree = "<group>";
		};
		4F9B722328325D0F004C03C3 /* View */ = {
			isa = PBXGroup;
			children = (
				4F9B722728325E1B004C03C3 /* ProfileView.swift */,
				4F42DFE0283817CB00C482B9 /* ProfileTabBarController.swift */,
			);
			path = View;
			sourceTree = "<group>";
		};
		4F9B722428325D15004C03C3 /* Presenter */ = {
			isa = PBXGroup;
			children = (
				4F9B722528325D69004C03C3 /* ProfilePresenter.swift */,
			);
			path = Presenter;
			sourceTree = "<group>";
		};
		4F9B722B2832C622004C03C3 /* Assets */ = {
			isa = PBXGroup;
			children = (
				4F9B722C2832C71A004C03C3 /* Fonts */,
			);
			path = Assets;
			sourceTree = "<group>";
		};
		4F9B722C2832C71A004C03C3 /* Fonts */ = {
			isa = PBXGroup;
			children = (
				4F9B723D2835381C004C03C3 /* PT Sans.ttf */,
				4F9B723F2835386A004C03C3 /* DINPro.ttf */,
				4F9B724128355131004C03C3 /* Montserrat-Light.ttf */,
			);
			path = Fonts;
			sourceTree = "<group>";
		};
		963D594CEEDE99573A056ACC /* Frameworks */ = {
			isa = PBXGroup;
			children = (
				2FBAF7C22473D9FFCD5C647B /* Pods_mountain_pass.framework */,
				5A567DBF658C7BFFC58E9D2B /* Pods_mountain_pass_mountain_passUITests.framework */,
				ED82CC97F40B1AB3A68DCD49 /* Pods_mountain_passTests.framework */,
			);
			name = Frameworks;
			sourceTree = "<group>";
		};
		DD6DFA0820CEC2A8283F4374 /* Pods */ = {
			isa = PBXGroup;
			children = (
				337DFBEA9D0C2A14B70D5AE8 /* Pods-mountain-pass.debug.xcconfig */,
				4370E6A52D39A1A56F7B95BE /* Pods-mountain-pass.release.xcconfig */,
				C6246BE660306BC3F3B9FA0A /* Pods-mountain-pass-mountain-passUITests.debug.xcconfig */,
				68D1C2FAD2395F67E52D0552 /* Pods-mountain-pass-mountain-passUITests.release.xcconfig */,
				3457D51A72EDDA9C1732CC70 /* Pods-mountain-passTests.debug.xcconfig */,
				B3F85F020D8C6B32C3CB0401 /* Pods-mountain-passTests.release.xcconfig */,
			);
			path = Pods;
			sourceTree = "<group>";
		};
/* End PBXGroup section */

/* Begin PBXNativeTarget section */
		4F9B71D6283194F9004C03C3 /* mountain-pass */ = {
			isa = PBXNativeTarget;
			buildConfigurationList = 4F9B7201283194FD004C03C3 /* Build configuration list for PBXNativeTarget "mountain-pass" */;
			buildPhases = (
				76950BF9B427F3CC02A396DF /* [CP] Check Pods Manifest.lock */,
				4F9B71D3283194F9004C03C3 /* Sources */,
				4F9B71D4283194F9004C03C3 /* Frameworks */,
				4F9B71D5283194F9004C03C3 /* Resources */,
				245F6725F10263FFFA27C5B1 /* [CP] Embed Pods Frameworks */,
			);
			buildRules = (
			);
			dependencies = (
			);
			name = "mountain-pass";
			productName = "mountain-pass";
			productReference = 4F9B71D7283194F9004C03C3 /* mountain-pass.app */;
			productType = "com.apple.product-type.application";
		};
		4F9B71EC283194FD004C03C3 /* mountain-passTests */ = {
			isa = PBXNativeTarget;
			buildConfigurationList = 4F9B7204283194FD004C03C3 /* Build configuration list for PBXNativeTarget "mountain-passTests" */;
			buildPhases = (
				C34CFFA3D683369F584943F1 /* [CP] Check Pods Manifest.lock */,
				4F9B71E9283194FD004C03C3 /* Sources */,
				4F9B71EA283194FD004C03C3 /* Frameworks */,
				4F9B71EB283194FD004C03C3 /* Resources */,
			);
			buildRules = (
			);
			dependencies = (
				4F9B71EF283194FD004C03C3 /* PBXTargetDependency */,
			);
			name = "mountain-passTests";
			productName = "mountain-passTests";
			productReference = 4F9B71ED283194FD004C03C3 /* mountain-passTests.xctest */;
			productType = "com.apple.product-type.bundle.unit-test";
		};
		4F9B71F6283194FD004C03C3 /* mountain-passUITests */ = {
			isa = PBXNativeTarget;
			buildConfigurationList = 4F9B7207283194FD004C03C3 /* Build configuration list for PBXNativeTarget "mountain-passUITests" */;
			buildPhases = (
				1E6EDE6134831798127C25C2 /* [CP] Check Pods Manifest.lock */,
				4F9B71F3283194FD004C03C3 /* Sources */,
				4F9B71F4283194FD004C03C3 /* Frameworks */,
				4F9B71F5283194FD004C03C3 /* Resources */,
				E7CC404ED976720FDB74A9EC /* [CP] Embed Pods Frameworks */,
			);
			buildRules = (
			);
			dependencies = (
				4F9B71F9283194FD004C03C3 /* PBXTargetDependency */,
			);
			name = "mountain-passUITests";
			productName = "mountain-passUITests";
			productReference = 4F9B71F7283194FD004C03C3 /* mountain-passUITests.xctest */;
			productType = "com.apple.product-type.bundle.ui-testing";
		};
/* End PBXNativeTarget section */

/* Begin PBXProject section */
		4F9B71CF283194F9004C03C3 /* Project object */ = {
			isa = PBXProject;
			attributes = {
				BuildIndependentTargetsInParallel = 1;
				LastSwiftUpdateCheck = 1320;
				LastUpgradeCheck = 1320;
				TargetAttributes = {
					4F9B71D6283194F9004C03C3 = {
						CreatedOnToolsVersion = 13.2.1;
					};
					4F9B71EC283194FD004C03C3 = {
						CreatedOnToolsVersion = 13.2.1;
						TestTargetID = 4F9B71D6283194F9004C03C3;
					};
					4F9B71F6283194FD004C03C3 = {
						CreatedOnToolsVersion = 13.2.1;
						TestTargetID = 4F9B71D6283194F9004C03C3;
					};
				};
			};
			buildConfigurationList = 4F9B71D2283194F9004C03C3 /* Build configuration list for PBXProject "mountain-pass" */;
			compatibilityVersion = "Xcode 13.0";
			developmentRegion = en;
			hasScannedForEncodings = 0;
			knownRegions = (
				en,
				Base,
			);
			mainGroup = 4F9B71CE283194F9004C03C3;
			productRefGroup = 4F9B71D8283194F9004C03C3 /* Products */;
			projectDirPath = "";
			projectRoot = "";
			targets = (
				4F9B71D6283194F9004C03C3 /* mountain-pass */,
				4F9B71EC283194FD004C03C3 /* mountain-passTests */,
				4F9B71F6283194FD004C03C3 /* mountain-passUITests */,
			);
		};
/* End PBXProject section */

/* Begin PBXResourcesBuildPhase section */
		4F9B71D5283194F9004C03C3 /* Resources */ = {
			isa = PBXResourcesBuildPhase;
			buildActionMask = 2147483647;
			files = (
				4F9B724228355131004C03C3 /* Montserrat-Light.ttf in Resources */,
				4F9B723E2835381C004C03C3 /* PT Sans.ttf in Resources */,
				4F9B71E7283194FD004C03C3 /* LaunchScreen.storyboard in Resources */,
				4F9B72402835386A004C03C3 /* DINPro.ttf in Resources */,
				4F9B71E4283194FD004C03C3 /* Assets.xcassets in Resources */,
			);
			runOnlyForDeploymentPostprocessing = 0;
		};
		4F9B71EB283194FD004C03C3 /* Resources */ = {
			isa = PBXResourcesBuildPhase;
			buildActionMask = 2147483647;
			files = (
			);
			runOnlyForDeploymentPostprocessing = 0;
		};
		4F9B71F5283194FD004C03C3 /* Resources */ = {
			isa = PBXResourcesBuildPhase;
			buildActionMask = 2147483647;
			files = (
			);
			runOnlyForDeploymentPostprocessing = 0;
		};
/* End PBXResourcesBuildPhase section */

/* Begin PBXShellScriptBuildPhase section */
		1E6EDE6134831798127C25C2 /* [CP] Check Pods Manifest.lock */ = {
			isa = PBXShellScriptBuildPhase;
			buildActionMask = 2147483647;
			files = (
			);
			inputFileListPaths = (
			);
			inputPaths = (
				"${PODS_PODFILE_DIR_PATH}/Podfile.lock",
				"${PODS_ROOT}/Manifest.lock",
			);
			name = "[CP] Check Pods Manifest.lock";
			outputFileListPaths = (
			);
			outputPaths = (
				"$(DERIVED_FILE_DIR)/Pods-mountain-pass-mountain-passUITests-checkManifestLockResult.txt",
			);
			runOnlyForDeploymentPostprocessing = 0;
			shellPath = /bin/sh;
			shellScript = "diff \"${PODS_PODFILE_DIR_PATH}/Podfile.lock\" \"${PODS_ROOT}/Manifest.lock\" > /dev/null\nif [ $? != 0 ] ; then\n    # print error to STDERR\n    echo \"error: The sandbox is not in sync with the Podfile.lock. Run 'pod install' or update your CocoaPods installation.\" >&2\n    exit 1\nfi\n# This output is used by Xcode 'outputs' to avoid re-running this script phase.\necho \"SUCCESS\" > \"${SCRIPT_OUTPUT_FILE_0}\"\n";
			showEnvVarsInLog = 0;
		};
		245F6725F10263FFFA27C5B1 /* [CP] Embed Pods Frameworks */ = {
			isa = PBXShellScriptBuildPhase;
			buildActionMask = 2147483647;
			files = (
			);
			inputFileListPaths = (
				"${PODS_ROOT}/Target Support Files/Pods-mountain-pass/Pods-mountain-pass-frameworks-${CONFIGURATION}-input-files.xcfilelist",
			);
			name = "[CP] Embed Pods Frameworks";
			outputFileListPaths = (
				"${PODS_ROOT}/Target Support Files/Pods-mountain-pass/Pods-mountain-pass-frameworks-${CONFIGURATION}-output-files.xcfilelist",
			);
			runOnlyForDeploymentPostprocessing = 0;
			shellPath = /bin/sh;
			shellScript = "\"${PODS_ROOT}/Target Support Files/Pods-mountain-pass/Pods-mountain-pass-frameworks.sh\"\n";
			showEnvVarsInLog = 0;
		};
		76950BF9B427F3CC02A396DF /* [CP] Check Pods Manifest.lock */ = {
			isa = PBXShellScriptBuildPhase;
			buildActionMask = 2147483647;
			files = (
			);
			inputFileListPaths = (
			);
			inputPaths = (
				"${PODS_PODFILE_DIR_PATH}/Podfile.lock",
				"${PODS_ROOT}/Manifest.lock",
			);
			name = "[CP] Check Pods Manifest.lock";
			outputFileListPaths = (
			);
			outputPaths = (
				"$(DERIVED_FILE_DIR)/Pods-mountain-pass-checkManifestLockResult.txt",
			);
			runOnlyForDeploymentPostprocessing = 0;
			shellPath = /bin/sh;
			shellScript = "diff \"${PODS_PODFILE_DIR_PATH}/Podfile.lock\" \"${PODS_ROOT}/Manifest.lock\" > /dev/null\nif [ $? != 0 ] ; then\n    # print error to STDERR\n    echo \"error: The sandbox is not in sync with the Podfile.lock. Run 'pod install' or update your CocoaPods installation.\" >&2\n    exit 1\nfi\n# This output is used by Xcode 'outputs' to avoid re-running this script phase.\necho \"SUCCESS\" > \"${SCRIPT_OUTPUT_FILE_0}\"\n";
			showEnvVarsInLog = 0;
		};
		C34CFFA3D683369F584943F1 /* [CP] Check Pods Manifest.lock */ = {
			isa = PBXShellScriptBuildPhase;
			buildActionMask = 2147483647;
			files = (
			);
			inputFileListPaths = (
			);
			inputPaths = (
				"${PODS_PODFILE_DIR_PATH}/Podfile.lock",
				"${PODS_ROOT}/Manifest.lock",
			);
			name = "[CP] Check Pods Manifest.lock";
			outputFileListPaths = (
			);
			outputPaths = (
				"$(DERIVED_FILE_DIR)/Pods-mountain-passTests-checkManifestLockResult.txt",
			);
			runOnlyForDeploymentPostprocessing = 0;
			shellPath = /bin/sh;
			shellScript = "diff \"${PODS_PODFILE_DIR_PATH}/Podfile.lock\" \"${PODS_ROOT}/Manifest.lock\" > /dev/null\nif [ $? != 0 ] ; then\n    # print error to STDERR\n    echo \"error: The sandbox is not in sync with the Podfile.lock. Run 'pod install' or update your CocoaPods installation.\" >&2\n    exit 1\nfi\n# This output is used by Xcode 'outputs' to avoid re-running this script phase.\necho \"SUCCESS\" > \"${SCRIPT_OUTPUT_FILE_0}\"\n";
			showEnvVarsInLog = 0;
		};
		E7CC404ED976720FDB74A9EC /* [CP] Embed Pods Frameworks */ = {
			isa = PBXShellScriptBuildPhase;
			buildActionMask = 2147483647;
			files = (
			);
			inputFileListPaths = (
				"${PODS_ROOT}/Target Support Files/Pods-mountain-pass-mountain-passUITests/Pods-mountain-pass-mountain-passUITests-frameworks-${CONFIGURATION}-input-files.xcfilelist",
			);
			name = "[CP] Embed Pods Frameworks";
			outputFileListPaths = (
				"${PODS_ROOT}/Target Support Files/Pods-mountain-pass-mountain-passUITests/Pods-mountain-pass-mountain-passUITests-frameworks-${CONFIGURATION}-output-files.xcfilelist",
			);
			runOnlyForDeploymentPostprocessing = 0;
			shellPath = /bin/sh;
			shellScript = "\"${PODS_ROOT}/Target Support Files/Pods-mountain-pass-mountain-passUITests/Pods-mountain-pass-mountain-passUITests-frameworks.sh\"\n";
			showEnvVarsInLog = 0;
		};
/* End PBXShellScriptBuildPhase section */

/* Begin PBXSourcesBuildPhase section */
		4F9B71D3283194F9004C03C3 /* Sources */ = {
			isa = PBXSourcesBuildPhase;
			buildActionMask = 2147483647;
			files = (
				4F9B71DF283194F9004C03C3 /* ViewController.swift in Sources */,
				4F42DFE82838DC6500C482B9 /* AddPassView.swift in Sources */,
				4F42DFEE2838DD5900C482B9 /* AddPassScreenBuilder.swift in Sources */,
				4F42DFDF2838131D00C482B9 /* RegisterScreenBuilder.swift in Sources */,
				4F9B71DB283194F9004C03C3 /* AppDelegate.swift in Sources */,
				4F9B7219283239D7004C03C3 /* RegisterUserView.swift in Sources */,
				4F9B722028323CA0004C03C3 /* LoginPresenter.swift in Sources */,
				4F42DFF2283BD5B300C482B9 /* AddPassNavigationController.swift in Sources */,
				4F9B720C283233DD004C03C3 /* LaunchScreenBuilder.swift in Sources */,
				4F42DFEA2838DC8F00C482B9 /* AddPassPresenter.swift in Sources */,
				4F42DFDD2837851E00C482B9 /* ProfileScreenBuilder.swift in Sources */,
				4F9B7215283234FB004C03C3 /* User.swift in Sources */,
				4F42DFE1283817CB00C482B9 /* ProfileTabBarController.swift in Sources */,
				4F9B71DD283194F9004C03C3 /* SceneDelegate.swift in Sources */,
				4F9B723C2833847A004C03C3 /* RegisterTabBarController.swift in Sources */,
				4F42DFEC2838DCA700C482B9 /* MountainPass.swift in Sources */,
				4F9B721B28323A1A004C03C3 /* LoginView.swift in Sources */,
				4F9B722628325D69004C03C3 /* ProfilePresenter.swift in Sources */,
				4F9B7217283238E6004C03C3 /* RegisterUserPresenter.swift in Sources */,
				4F9B722828325E1B004C03C3 /* ProfileView.swift in Sources */,
			);
			runOnlyForDeploymentPostprocessing = 0;
		};
		4F9B71E9283194FD004C03C3 /* Sources */ = {
			isa = PBXSourcesBuildPhase;
			buildActionMask = 2147483647;
			files = (
				4F9B71F2283194FD004C03C3 /* mountain_passTests.swift in Sources */,
			);
			runOnlyForDeploymentPostprocessing = 0;
		};
		4F9B71F3283194FD004C03C3 /* Sources */ = {
			isa = PBXSourcesBuildPhase;
			buildActionMask = 2147483647;
			files = (
				4F9B71FE283194FD004C03C3 /* mountain_passUITestsLaunchTests.swift in Sources */,
				4F9B71FC283194FD004C03C3 /* mountain_passUITests.swift in Sources */,
			);
			runOnlyForDeploymentPostprocessing = 0;
		};
/* End PBXSourcesBuildPhase section */

/* Begin PBXTargetDependency section */
		4F9B71EF283194FD004C03C3 /* PBXTargetDependency */ = {
			isa = PBXTargetDependency;
			target = 4F9B71D6283194F9004C03C3 /* mountain-pass */;
			targetProxy = 4F9B71EE283194FD004C03C3 /* PBXContainerItemProxy */;
		};
		4F9B71F9283194FD004C03C3 /* PBXTargetDependency */ = {
			isa = PBXTargetDependency;
			target = 4F9B71D6283194F9004C03C3 /* mountain-pass */;
			targetProxy = 4F9B71F8283194FD004C03C3 /* PBXContainerItemProxy */;
		};
/* End PBXTargetDependency section */

/* Begin PBXVariantGroup section */
		4F9B71E5283194FD004C03C3 /* LaunchScreen.storyboard */ = {
			isa = PBXVariantGroup;
			children = (
				4F9B71E6283194FD004C03C3 /* Base */,
			);
			name = LaunchScreen.storyboard;
			sourceTree = "<group>";
		};
/* End PBXVariantGroup section */

/* Begin XCBuildConfiguration section */
		4F9B71FF283194FD004C03C3 /* Debug */ = {
			isa = XCBuildConfiguration;
			buildSettings = {
				ALWAYS_SEARCH_USER_PATHS = NO;
				CLANG_ANALYZER_NONNULL = YES;
				CLANG_ANALYZER_NUMBER_OBJECT_CONVERSION = YES_AGGRESSIVE;
				CLANG_CXX_LANGUAGE_STANDARD = "gnu++17";
				CLANG_CXX_LIBRARY = "libc++";
				CLANG_ENABLE_MODULES = YES;
				CLANG_ENABLE_OBJC_ARC = YES;
				CLANG_ENABLE_OBJC_WEAK = YES;
				CLANG_WARN_BLOCK_CAPTURE_AUTORELEASING = YES;
				CLANG_WARN_BOOL_CONVERSION = YES;
				CLANG_WARN_COMMA = YES;
				CLANG_WARN_CONSTANT_CONVERSION = YES;
				CLANG_WARN_DEPRECATED_OBJC_IMPLEMENTATIONS = YES;
				CLANG_WARN_DIRECT_OBJC_ISA_USAGE = YES_ERROR;
				CLANG_WARN_DOCUMENTATION_COMMENTS = YES;
				CLANG_WARN_EMPTY_BODY = YES;
				CLANG_WARN_ENUM_CONVERSION = YES;
				CLANG_WARN_INFINITE_RECURSION = YES;
				CLANG_WARN_INT_CONVERSION = YES;
				CLANG_WARN_NON_LITERAL_NULL_CONVERSION = YES;
				CLANG_WARN_OBJC_IMPLICIT_RETAIN_SELF = YES;
				CLANG_WARN_OBJC_LITERAL_CONVERSION = YES;
				CLANG_WARN_OBJC_ROOT_CLASS = YES_ERROR;
				CLANG_WARN_QUOTED_INCLUDE_IN_FRAMEWORK_HEADER = YES;
				CLANG_WARN_RANGE_LOOP_ANALYSIS = YES;
				CLANG_WARN_STRICT_PROTOTYPES = YES;
				CLANG_WARN_SUSPICIOUS_MOVE = YES;
				CLANG_WARN_UNGUARDED_AVAILABILITY = YES_AGGRESSIVE;
				CLANG_WARN_UNREACHABLE_CODE = YES;
				CLANG_WARN__DUPLICATE_METHOD_MATCH = YES;
				COPY_PHASE_STRIP = NO;
				DEBUG_INFORMATION_FORMAT = dwarf;
				ENABLE_STRICT_OBJC_MSGSEND = YES;
				ENABLE_TESTABILITY = YES;
				GCC_C_LANGUAGE_STANDARD = gnu11;
				GCC_DYNAMIC_NO_PIC = NO;
				GCC_NO_COMMON_BLOCKS = YES;
				GCC_OPTIMIZATION_LEVEL = 0;
				GCC_PREPROCESSOR_DEFINITIONS = (
					"DEBUG=1",
					"$(inherited)",
				);
				GCC_WARN_64_TO_32_BIT_CONVERSION = YES;
				GCC_WARN_ABOUT_RETURN_TYPE = YES_ERROR;
				GCC_WARN_UNDECLARED_SELECTOR = YES;
				GCC_WARN_UNINITIALIZED_AUTOS = YES_AGGRESSIVE;
				GCC_WARN_UNUSED_FUNCTION = YES;
				GCC_WARN_UNUSED_VARIABLE = YES;
				IPHONEOS_DEPLOYMENT_TARGET = 15.2;
				MTL_ENABLE_DEBUG_INFO = INCLUDE_SOURCE;
				MTL_FAST_MATH = YES;
				ONLY_ACTIVE_ARCH = YES;
				SDKROOT = iphoneos;
				SWIFT_ACTIVE_COMPILATION_CONDITIONS = DEBUG;
				SWIFT_OPTIMIZATION_LEVEL = "-Onone";
			};
			name = Debug;
		};
		4F9B7200283194FD004C03C3 /* Release */ = {
			isa = XCBuildConfiguration;
			buildSettings = {
				ALWAYS_SEARCH_USER_PATHS = NO;
				CLANG_ANALYZER_NONNULL = YES;
				CLANG_ANALYZER_NUMBER_OBJECT_CONVERSION = YES_AGGRESSIVE;
				CLANG_CXX_LANGUAGE_STANDARD = "gnu++17";
				CLANG_CXX_LIBRARY = "libc++";
				CLANG_ENABLE_MODULES = YES;
				CLANG_ENABLE_OBJC_ARC = YES;
				CLANG_ENABLE_OBJC_WEAK = YES;
				CLANG_WARN_BLOCK_CAPTURE_AUTORELEASING = YES;
				CLANG_WARN_BOOL_CONVERSION = YES;
				CLANG_WARN_COMMA = YES;
				CLANG_WARN_CONSTANT_CONVERSION = YES;
				CLANG_WARN_DEPRECATED_OBJC_IMPLEMENTATIONS = YES;
				CLANG_WARN_DIRECT_OBJC_ISA_USAGE = YES_ERROR;
				CLANG_WARN_DOCUMENTATION_COMMENTS = YES;
				CLANG_WARN_EMPTY_BODY = YES;
				CLANG_WARN_ENUM_CONVERSION = YES;
				CLANG_WARN_INFINITE_RECURSION = YES;
				CLANG_WARN_INT_CONVERSION = YES;
				CLANG_WARN_NON_LITERAL_NULL_CONVERSION = YES;
				CLANG_WARN_OBJC_IMPLICIT_RETAIN_SELF = YES;
				CLANG_WARN_OBJC_LITERAL_CONVERSION = YES;
				CLANG_WARN_OBJC_ROOT_CLASS = YES_ERROR;
				CLANG_WARN_QUOTED_INCLUDE_IN_FRAMEWORK_HEADER = YES;
				CLANG_WARN_RANGE_LOOP_ANALYSIS = YES;
				CLANG_WARN_STRICT_PROTOTYPES = YES;
				CLANG_WARN_SUSPICIOUS_MOVE = YES;
				CLANG_WARN_UNGUARDED_AVAILABILITY = YES_AGGRESSIVE;
				CLANG_WARN_UNREACHABLE_CODE = YES;
				CLANG_WARN__DUPLICATE_METHOD_MATCH = YES;
				COPY_PHASE_STRIP = NO;
				DEBUG_INFORMATION_FORMAT = "dwarf-with-dsym";
				ENABLE_NS_ASSERTIONS = NO;
				ENABLE_STRICT_OBJC_MSGSEND = YES;
				GCC_C_LANGUAGE_STANDARD = gnu11;
				GCC_NO_COMMON_BLOCKS = YES;
				GCC_WARN_64_TO_32_BIT_CONVERSION = YES;
				GCC_WARN_ABOUT_RETURN_TYPE = YES_ERROR;
				GCC_WARN_UNDECLARED_SELECTOR = YES;
				GCC_WARN_UNINITIALIZED_AUTOS = YES_AGGRESSIVE;
				GCC_WARN_UNUSED_FUNCTION = YES;
				GCC_WARN_UNUSED_VARIABLE = YES;
				IPHONEOS_DEPLOYMENT_TARGET = 15.2;
				MTL_ENABLE_DEBUG_INFO = NO;
				MTL_FAST_MATH = YES;
				SDKROOT = iphoneos;
				SWIFT_COMPILATION_MODE = wholemodule;
				SWIFT_OPTIMIZATION_LEVEL = "-O";
				VALIDATE_PRODUCT = YES;
			};
			name = Release;
		};
		4F9B7202283194FD004C03C3 /* Debug */ = {
			isa = XCBuildConfiguration;
			baseConfigurationReference = 337DFBEA9D0C2A14B70D5AE8 /* Pods-mountain-pass.debug.xcconfig */;
			buildSettings = {
				ASSETCATALOG_COMPILER_APPICON_NAME = AppIcon;
				ASSETCATALOG_COMPILER_GLOBAL_ACCENT_COLOR_NAME = AccentColor;
				CODE_SIGN_STYLE = Automatic;
				CURRENT_PROJECT_VERSION = 1;
				DEVELOPMENT_TEAM = 74L575RYQ9;
				GENERATE_INFOPLIST_FILE = YES;
				INFOPLIST_FILE = "mountain-pass/Info.plist";
				INFOPLIST_KEY_UIApplicationSupportsIndirectInputEvents = YES;
				INFOPLIST_KEY_UILaunchStoryboardName = LaunchScreen;
				INFOPLIST_KEY_UISupportedInterfaceOrientations_iPad = "UIInterfaceOrientationPortrait UIInterfaceOrientationPortraitUpsideDown UIInterfaceOrientationLandscapeLeft UIInterfaceOrientationLandscapeRight";
				INFOPLIST_KEY_UISupportedInterfaceOrientations_iPhone = "UIInterfaceOrientationPortrait UIInterfaceOrientationLandscapeLeft UIInterfaceOrientationLandscapeRight";
				LD_RUNPATH_SEARCH_PATHS = (
					"$(inherited)",
					"@executable_path/Frameworks",
				);
				MARKETING_VERSION = 1.0;
				PRODUCT_BUNDLE_IDENTIFIER = "stubbs221.mountain-pass";
				PRODUCT_NAME = "$(TARGET_NAME)";
				SWIFT_EMIT_LOC_STRINGS = YES;
				SWIFT_VERSION = 5.0;
				TARGETED_DEVICE_FAMILY = "1,2";
			};
			name = Debug;
		};
		4F9B7203283194FD004C03C3 /* Release */ = {
			isa = XCBuildConfiguration;
			baseConfigurationReference = 4370E6A52D39A1A56F7B95BE /* Pods-mountain-pass.release.xcconfig */;
			buildSettings = {
				ASSETCATALOG_COMPILER_APPICON_NAME = AppIcon;
				ASSETCATALOG_COMPILER_GLOBAL_ACCENT_COLOR_NAME = AccentColor;
				CODE_SIGN_STYLE = Automatic;
				CURRENT_PROJECT_VERSION = 1;
				DEVELOPMENT_TEAM = 74L575RYQ9;
				GENERATE_INFOPLIST_FILE = YES;
				INFOPLIST_FILE = "mountain-pass/Info.plist";
				INFOPLIST_KEY_UIApplicationSupportsIndirectInputEvents = YES;
				INFOPLIST_KEY_UILaunchStoryboardName = LaunchScreen;
				INFOPLIST_KEY_UISupportedInterfaceOrientations_iPad = "UIInterfaceOrientationPortrait UIInterfaceOrientationPortraitUpsideDown UIInterfaceOrientationLandscapeLeft UIInterfaceOrientationLandscapeRight";
				INFOPLIST_KEY_UISupportedInterfaceOrientations_iPhone = "UIInterfaceOrientationPortrait UIInterfaceOrientationLandscapeLeft UIInterfaceOrientationLandscapeRight";
				LD_RUNPATH_SEARCH_PATHS = (
					"$(inherited)",
					"@executable_path/Frameworks",
				);
				MARKETING_VERSION = 1.0;
				PRODUCT_BUNDLE_IDENTIFIER = "stubbs221.mountain-pass";
				PRODUCT_NAME = "$(TARGET_NAME)";
				SWIFT_EMIT_LOC_STRINGS = YES;
				SWIFT_VERSION = 5.0;
				TARGETED_DEVICE_FAMILY = "1,2";
			};
			name = Release;
		};
		4F9B7205283194FD004C03C3 /* Debug */ = {
			isa = XCBuildConfiguration;
			baseConfigurationReference = 3457D51A72EDDA9C1732CC70 /* Pods-mountain-passTests.debug.xcconfig */;
			buildSettings = {
				ALWAYS_EMBED_SWIFT_STANDARD_LIBRARIES = YES;
				BUNDLE_LOADER = "$(TEST_HOST)";
				CODE_SIGN_STYLE = Automatic;
				CURRENT_PROJECT_VERSION = 1;
				DEVELOPMENT_TEAM = 74L575RYQ9;
				GENERATE_INFOPLIST_FILE = YES;
				IPHONEOS_DEPLOYMENT_TARGET = 15.2;
				MARKETING_VERSION = 1.0;
				PRODUCT_BUNDLE_IDENTIFIER = "stubbs221.mountain-passTests";
				PRODUCT_NAME = "$(TARGET_NAME)";
				SWIFT_EMIT_LOC_STRINGS = NO;
				SWIFT_VERSION = 5.0;
				TARGETED_DEVICE_FAMILY = "1,2";
				TEST_HOST = "$(BUILT_PRODUCTS_DIR)/mountain-pass.app/mountain-pass";
			};
			name = Debug;
		};
		4F9B7206283194FD004C03C3 /* Release */ = {
			isa = XCBuildConfiguration;
			baseConfigurationReference = B3F85F020D8C6B32C3CB0401 /* Pods-mountain-passTests.release.xcconfig */;
			buildSettings = {
				ALWAYS_EMBED_SWIFT_STANDARD_LIBRARIES = YES;
				BUNDLE_LOADER = "$(TEST_HOST)";
				CODE_SIGN_STYLE = Automatic;
				CURRENT_PROJECT_VERSION = 1;
				DEVELOPMENT_TEAM = 74L575RYQ9;
				GENERATE_INFOPLIST_FILE = YES;
				IPHONEOS_DEPLOYMENT_TARGET = 15.2;
				MARKETING_VERSION = 1.0;
				PRODUCT_BUNDLE_IDENTIFIER = "stubbs221.mountain-passTests";
				PRODUCT_NAME = "$(TARGET_NAME)";
				SWIFT_EMIT_LOC_STRINGS = NO;
				SWIFT_VERSION = 5.0;
				TARGETED_DEVICE_FAMILY = "1,2";
				TEST_HOST = "$(BUILT_PRODUCTS_DIR)/mountain-pass.app/mountain-pass";
			};
			name = Release;
		};
		4F9B7208283194FD004C03C3 /* Debug */ = {
			isa = XCBuildConfiguration;
			baseConfigurationReference = C6246BE660306BC3F3B9FA0A /* Pods-mountain-pass-mountain-passUITests.debug.xcconfig */;
			buildSettings = {
				ALWAYS_EMBED_SWIFT_STANDARD_LIBRARIES = YES;
				CODE_SIGN_STYLE = Automatic;
				CURRENT_PROJECT_VERSION = 1;
				DEVELOPMENT_TEAM = 74L575RYQ9;
				GENERATE_INFOPLIST_FILE = YES;
				MARKETING_VERSION = 1.0;
				PRODUCT_BUNDLE_IDENTIFIER = "stubbs221.mountain-passUITests";
				PRODUCT_NAME = "$(TARGET_NAME)";
				SWIFT_EMIT_LOC_STRINGS = NO;
				SWIFT_VERSION = 5.0;
				TARGETED_DEVICE_FAMILY = "1,2";
				TEST_TARGET_NAME = "mountain-pass";
			};
			name = Debug;
		};
		4F9B7209283194FD004C03C3 /* Release */ = {
			isa = XCBuildConfiguration;
			baseConfigurationReference = 68D1C2FAD2395F67E52D0552 /* Pods-mountain-pass-mountain-passUITests.release.xcconfig */;
			buildSettings = {
				ALWAYS_EMBED_SWIFT_STANDARD_LIBRARIES = YES;
				CODE_SIGN_STYLE = Automatic;
				CURRENT_PROJECT_VERSION = 1;
				DEVELOPMENT_TEAM = 74L575RYQ9;
				GENERATE_INFOPLIST_FILE = YES;
				MARKETING_VERSION = 1.0;
				PRODUCT_BUNDLE_IDENTIFIER = "stubbs221.mountain-passUITests";
				PRODUCT_NAME = "$(TARGET_NAME)";
				SWIFT_EMIT_LOC_STRINGS = NO;
				SWIFT_VERSION = 5.0;
				TARGETED_DEVICE_FAMILY = "1,2";
				TEST_TARGET_NAME = "mountain-pass";
			};
			name = Release;
		};
/* End XCBuildConfiguration section */

/* Begin XCConfigurationList section */
		4F9B71D2283194F9004C03C3 /* Build configuration list for PBXProject "mountain-pass" */ = {
			isa = XCConfigurationList;
			buildConfigurations = (
				4F9B71FF283194FD004C03C3 /* Debug */,
				4F9B7200283194FD004C03C3 /* Release */,
			);
			defaultConfigurationIsVisible = 0;
			defaultConfigurationName = Release;
		};
		4F9B7201283194FD004C03C3 /* Build configuration list for PBXNativeTarget "mountain-pass" */ = {
			isa = XCConfigurationList;
			buildConfigurations = (
				4F9B7202283194FD004C03C3 /* Debug */,
				4F9B7203283194FD004C03C3 /* Release */,
			);
			defaultConfigurationIsVisible = 0;
			defaultConfigurationName = Release;
		};
		4F9B7204283194FD004C03C3 /* Build configuration list for PBXNativeTarget "mountain-passTests" */ = {
			isa = XCConfigurationList;
			buildConfigurations = (
				4F9B7205283194FD004C03C3 /* Debug */,
				4F9B7206283194FD004C03C3 /* Release */,
			);
			defaultConfigurationIsVisible = 0;
			defaultConfigurationName = Release;
		};
		4F9B7207283194FD004C03C3 /* Build configuration list for PBXNativeTarget "mountain-passUITests" */ = {
			isa = XCConfigurationList;
			buildConfigurations = (
				4F9B7208283194FD004C03C3 /* Debug */,
				4F9B7209283194FD004C03C3 /* Release */,
			);
			defaultConfigurationIsVisible = 0;
			defaultConfigurationName = Release;
		};
/* End XCConfigurationList section */
	};
	rootObject = 4F9B71CF283194F9004C03C3 /* Project object */;
}
